// !$*UTF8*$!
{
	archiveVersion = 1;
	classes = {
	};
	objectVersion = 46;
	objects = {

/* Begin PBXBuildFile section */
		6488A1621A6C504C000B4C80 /* SettingsViewController.swift in Sources */ = {isa = PBXBuildFile; fileRef = 6488A1611A6C504C000B4C80 /* SettingsViewController.swift */; };
		64FB3CA21A6A235F005718BE /* AppDelegate.swift in Sources */ = {isa = PBXBuildFile; fileRef = 64FB3CA11A6A235F005718BE /* AppDelegate.swift */; };
		64FB3CA41A6A235F005718BE /* ViewController.swift in Sources */ = {isa = PBXBuildFile; fileRef = 64FB3CA31A6A235F005718BE /* ViewController.swift */; };
		64FB3CA71A6A235F005718BE /* Main.storyboard in Resources */ = {isa = PBXBuildFile; fileRef = 64FB3CA51A6A235F005718BE /* Main.storyboard */; };
		64FB3CA91A6A235F005718BE /* Images.xcassets in Resources */ = {isa = PBXBuildFile; fileRef = 64FB3CA81A6A235F005718BE /* Images.xcassets */; };
		64FB3CAC1A6A235F005718BE /* LaunchScreen.xib in Resources */ = {isa = PBXBuildFile; fileRef = 64FB3CAA1A6A235F005718BE /* LaunchScreen.xib */; };
		64FB3CB81A6A235F005718BE /* tipsTests.swift in Sources */ = {isa = PBXBuildFile; fileRef = 64FB3CB71A6A235F005718BE /* tipsTests.swift */; };
/* End PBXBuildFile section */

/* Begin PBXContainerItemProxy section */
		64FB3CB21A6A235F005718BE /* PBXContainerItemProxy */ = {
			isa = PBXContainerItemProxy;
			containerPortal = 64FB3C941A6A235F005718BE /* Project object */;
			proxyType = 1;
			remoteGlobalIDString = 64FB3C9B1A6A235F005718BE;
			remoteInfo = tips;
		};
/* End PBXContainerItemProxy section */

/* Begin PBXFileReference section */
		6488A1611A6C504C000B4C80 /* SettingsViewController.swift */ = {isa = PBXFileReference; fileEncoding = 4; lastKnownFileType = sourcecode.swift; path = SettingsViewController.swift; sourceTree = "<group>"; };
		64FB3C9C1A6A235F005718BE /* tips.app */ = {isa = PBXFileReference; explicitFileType = wrapper.application; includeInIndex = 0; path = tips.app; sourceTree = BUILT_PRODUCTS_DIR; };
		64FB3CA01A6A235F005718BE /* Info.plist */ = {isa = PBXFileReference; lastKnownFileType = text.plist.xml; path = Info.plist; sourceTree = "<group>"; };
		64FB3CA11A6A235F005718BE /* AppDelegate.swift */ = {isa = PBXFileReference; lastKnownFileType = sourcecode.swift; path = AppDelegate.swift; sourceTree = "<group>"; };
		64FB3CA31A6A235F005718BE /* ViewController.swift */ = {isa = PBXFileReference; lastKnownFileType = sourcecode.swift; path = ViewController.swift; sourceTree = "<group>"; };
		64FB3CA61A6A235F005718BE /* Base */ = {isa = PBXFileReference; lastKnownFileType = file.storyboard; name = Base; path = Base.lproj/Main.storyboard; sourceTree = "<group>"; };
		64FB3CA81A6A235F005718BE /* Images.xcassets */ = {isa = PBXFileReference; lastKnownFileType = folder.assetcatalog; path = Images.xcassets; sourceTree = "<group>"; };
		64FB3CAB1A6A235F005718BE /* Base */ = {isa = PBXFileReference; lastKnownFileType = file.xib; name = Base; path = Base.lproj/LaunchScreen.xib; sourceTree = "<group>"; };
		64FB3CB11A6A235F005718BE /* tipsTests.xctest */ = {isa = PBXFileReference; explicitFileType = wrapper.cfbundle; includeInIndex = 0; path = tipsTests.xctest; sourceTree = BUILT_PRODUCTS_DIR; };
		64FB3CB61A6A235F005718BE /* Info.plist */ = {isa = PBXFileReference; lastKnownFileType = text.plist.xml; path = Info.plist; sourceTree = "<group>"; };
		64FB3CB71A6A235F005718BE /* tipsTests.swift */ = {isa = PBXFileReference; lastKnownFileType = sourcecode.swift; path = tipsTests.swift; sourceTree = "<group>"; };
/* End PBXFileReference section */

/* Begin PBXFrameworksBuildPhase section */
		64FB3C991A6A235F005718BE /* Frameworks */ = {
			isa = PBXFrameworksBuildPhase;
			buildActionMask = 2147483647;
			files = (
			);
			runOnlyForDeploymentPostprocessing = 0;
		};
		64FB3CAE1A6A235F005718BE /* Frameworks */ = {
			isa = PBXFrameworksBuildPhase;
			buildActionMask = 2147483647;
			files = (
			);
			runOnlyForDeploymentPostprocessing = 0;
		};
/* End PBXFrameworksBuildPhase section */

/* Begin PBXGroup section */
		6488A15A1A6C44F7000B4C80 /* ViewControllers */ = {
			isa = PBXGroup;
			children = (
				6488A1611A6C504C000B4C80 /* SettingsViewController.swift */,
			);
			name = ViewControllers;
			sourceTree = "<group>";
		};
		64FB3C931A6A235F005718BE = {
			isa = PBXGroup;
			children = (
				64FB3C9E1A6A235F005718BE /* tips */,
				64FB3CB41A6A235F005718BE /* tipsTests */,
				64FB3C9D1A6A235F005718BE /* Products */,
			);
			sourceTree = "<group>";
		};
		64FB3C9D1A6A235F005718BE /* Products */ = {
			isa = PBXGroup;
			children = (
				64FB3C9C1A6A235F005718BE /* tips.app */,
				64FB3CB11A6A235F005718BE /* tipsTests.xctest */,
			);
			name = Products;
			sourceTree = "<group>";
		};
		64FB3C9E1A6A235F005718BE /* tips */ = {
			isa = PBXGroup;
			children = (
				6488A15A1A6C44F7000B4C80 /* ViewControllers */,
				64FB3CA11A6A235F005718BE /* AppDelegate.swift */,
				64FB3CA31A6A235F005718BE /* ViewController.swift */,
				64FB3CA51A6A235F005718BE /* Main.storyboard */,
				64FB3CA81A6A235F005718BE /* Images.xcassets */,
				64FB3CAA1A6A235F005718BE /* LaunchScreen.xib */,
				64FB3C9F1A6A235F005718BE /* Supporting Files */,
			);
			path = tips;
			sourceTree = "<group>";
		};
		64FB3C9F1A6A235F005718BE /* Supporting Files */ = {
			isa = PBXGroup;
			children = (
				64FB3CA01A6A235F005718BE /* Info.plist */,
			);
			name = "Supporting Files";
			sourceTree = "<group>";
		};
		64FB3CB41A6A235F005718BE /* tipsTests */ = {
			isa = PBXGroup;
			children = (
				64FB3CB71A6A235F005718BE /* tipsTests.swift */,
				64FB3CB51A6A235F005718BE /* Supporting Files */,
			);
			path = tipsTests;
			sourceTree = "<group>";
		};
		64FB3CB51A6A235F005718BE /* Supporting Files */ = {
			isa = PBXGroup;
			children = (
				64FB3CB61A6A235F005718BE /* Info.plist */,
			);
			name = "Supporting Files";
			sourceTree = "<group>";
		};
/* End PBXGroup section */

/* Begin PBXNativeTarget section */
		64FB3C9B1A6A235F005718BE /* tips */ = {
			isa = PBXNativeTarget;
			buildConfigurationList = 64FB3CBB1A6A235F005718BE /* Build configuration list for PBXNativeTarget "tips" */;
			buildPhases = (
				64FB3C981A6A235F005718BE /* Sources */,
				64FB3C991A6A235F005718BE /* Frameworks */,
				64FB3C9A1A6A235F005718BE /* Resources */,
			);
			buildRules = (
			);
			dependencies = (
			);
			name = tips;
			productName = tips;
			productReference = 64FB3C9C1A6A235F005718BE /* tips.app */;
			productType = "com.apple.product-type.application";
		};
		64FB3CB01A6A235F005718BE /* tipsTests */ = {
			isa = PBXNativeTarget;
			buildConfigurationList = 64FB3CBE1A6A235F005718BE /* Build configuration list for PBXNativeTarget "tipsTests" */;
			buildPhases = (
				64FB3CAD1A6A235F005718BE /* Sources */,
				64FB3CAE1A6A235F005718BE /* Frameworks */,
				64FB3CAF1A6A235F005718BE /* Resources */,
			);
			buildRules = (
			);
			dependencies = (
				64FB3CB31A6A235F005718BE /* PBXTargetDependency */,
			);
			name = tipsTests;
			productName = tipsTests;
			productReference = 64FB3CB11A6A235F005718BE /* tipsTests.xctest */;
			productType = "com.apple.product-type.bundle.unit-test";
		};
/* End PBXNativeTarget section */

/* Begin PBXProject section */
		64FB3C941A6A235F005718BE /* Project object */ = {
			isa = PBXProject;
			attributes = {
				LastUpgradeCheck = 0610;
				ORGANIZATIONNAME = handsfreelearning;
				TargetAttributes = {
					64FB3C9B1A6A235F005718BE = {
						CreatedOnToolsVersion = 6.1.1;
					};
					64FB3CB01A6A235F005718BE = {
						CreatedOnToolsVersion = 6.1.1;
						TestTargetID = 64FB3C9B1A6A235F005718BE;
					};
				};
			};
			buildConfigurationList = 64FB3C971A6A235F005718BE /* Build configuration list for PBXProject "tips" */;
			compatibilityVersion = "Xcode 3.2";
			developmentRegion = English;
			hasScannedForEncodings = 0;
			knownRegions = (
				en,
				Base,
			);
			mainGroup = 64FB3C931A6A235F005718BE;
			productRefGroup = 64FB3C9D1A6A235F005718BE /* Products */;
			projectDirPath = "";
			projectRoot = "";
			targets = (
				64FB3C9B1A6A235F005718BE /* tips */,
				64FB3CB01A6A235F005718BE /* tipsTests */,
			);
		};
/* End PBXProject section */

/* Begin PBXResourcesBuildPhase section */
		64FB3C9A1A6A235F005718BE /* Resources */ = {
			isa = PBXResourcesBuildPhase;
			buildActionMask = 2147483647;
			files = (
				64FB3CA71A6A235F005718BE /* Main.storyboard in Resources */,
				64FB3CAC1A6A235F005718BE /* LaunchScreen.xib in Resources */,
				64FB3CA91A6A235F005718BE /* Images.xcassets in Resources */,
			);
			runOnlyForDeploymentPostprocessing = 0;
		};
		64FB3CAF1A6A235F005718BE /* Resources */ = {
			isa = PBXResourcesBuildPhase;
			buildActionMask = 2147483647;
			files = (
			);
			runOnlyForDeploymentPostprocessing = 0;
		};
/* End PBXResourcesBuildPhase section */

/* Begin PBXSourcesBuildPhase section */
		64FB3C981A6A235F005718BE /* Sources */ = {
			isa = PBXSourcesBuildPhase;
			buildActionMask = 2147483647;
			files = (
				64FB3CA41A6A235F005718BE /* ViewController.swift in Sources */,
				64FB3CA21A6A235F005718BE /* AppDelegate.swift in Sources */,
				6488A1621A6C504C000B4C80 /* SettingsViewController.swift in Sources */,
			);
			runOnlyForDeploymentPostprocessing = 0;
		};
		64FB3CAD1A6A235F005718BE /* Sources */ = {
			isa = PBXSourcesBuildPhase;
			buildActionMask = 2147483647;
			files = (
				64FB3CB81A6A235F005718BE /* tipsTests.swift in Sources */,
			);
			runOnlyForDeploymentPostprocessing = 0;
		};
/* End PBXSourcesBuildPhase section */

/* Begin PBXTargetDependency section */
		64FB3CB31A6A235F005718BE /* PBXTargetDependency */ = {
			isa = PBXTargetDependency;
			target = 64FB3C9B1A6A235F005718BE /* tips */;
			targetProxy = 64FB3CB21A6A235F005718BE /* PBXContainerItemProxy */;
		};
/* End PBXTargetDependency section */

/* Begin PBXVariantGroup section */
		64FB3CA51A6A235F005718BE /* Main.storyboard */ = {
			isa = PBXVariantGroup;
			children = (
				64FB3CA61A6A235F005718BE /* Base */,
			);
			name = Main.storyboard;
			sourceTree = "<group>";
		};
		64FB3CAA1A6A235F005718BE /* LaunchScreen.xib */ = {
			isa = PBXVariantGroup;
			children = (
				64FB3CAB1A6A235F005718BE /* Base */,
			);
			name = LaunchScreen.xib;
			sourceTree = "<group>";
		};
/* End PBXVariantGroup section */

/* Begin XCBuildConfiguration section */
		64FB3CB91A6A235F005718BE /* Debug */ = {
			isa = XCBuildConfiguration;
			buildSettings = {
				ALWAYS_SEARCH_USER_PATHS = NO;
				CLANG_CXX_LANGUAGE_STANDARD = "gnu++0x";
				CLANG_CXX_LIBRARY = "libc++";
				CLANG_ENABLE_MODULES = YES;
				CLANG_ENABLE_OBJC_ARC = YES;
				CLANG_WARN_BOOL_CONVERSION = YES;
				CLANG_WARN_CONSTANT_CONVERSION = YES;
				CLANG_WARN_DIRECT_OBJC_ISA_USAGE = YES_ERROR;
				CLANG_WARN_EMPTY_BODY = YES;
				CLANG_WARN_ENUM_CONVERSION = YES;
				CLANG_WARN_INT_CONVERSION = YES;
				CLANG_WARN_OBJC_ROOT_CLASS = YES_ERROR;
				CLANG_WARN_UNREACHABLE_CODE = YES;
				CLANG_WARN__DUPLICATE_METHOD_MATCH = YES;
				"CODE_SIGN_IDENTITY[sdk=iphoneos*]" = "iPhone Developer";
				COPY_PHASE_STRIP = NO;
				ENABLE_STRICT_OBJC_MSGSEND = YES;
				GCC_C_LANGUAGE_STANDARD = gnu99;
				GCC_DYNAMIC_NO_PIC = NO;
				GCC_OPTIMIZATION_LEVEL = 0;
				GCC_PREPROCESSOR_DEFINITIONS = (
					"DEBUG=1",
					"$(inherited)",
				);
				GCC_SYMBOLS_PRIVATE_EXTERN = NO;
				GCC_WARN_64_TO_32_BIT_CONVERSION = YES;
				GCC_WARN_ABOUT_RETURN_TYPE = YES_ERROR;
				GCC_WARN_UNDECLARED_SELECTOR = YES;
				GCC_WARN_UNINITIALIZED_AUTOS = YES_AGGRESSIVE;
				GCC_WARN_UNUSED_FUNCTION = YES;
				GCC_WARN_UNUSED_VARIABLE = YES;
				IPHONEOS_DEPLOYMENT_TARGET = 8.1;
				MTL_ENABLE_DEBUG_INFO = YES;
				ONLY_ACTIVE_ARCH = YES;
				SDKROOT = iphoneos;
				SWIFT_OPTIMIZATION_LEVEL = "-Onone";
			};
			name = Debug;
		};
		64FB3CBA1A6A235F005718BE /* Release */ = {
			isa = XCBuildConfiguration;
			buildSettings = {
				ALWAYS_SEARCH_USER_PATHS = NO;
				CLANG_CXX_LANGUAGE_STANDARD = "gnu++0x";
				CLANG_CXX_LIBRARY = "libc++";
				CLANG_ENABLE_MODULES = YES;
				CLANG_ENABLE_OBJC_ARC = YES;
				CLANG_WARN_BOOL_CONVERSION = YES;
				CLANG_WARN_CONSTANT_CONVERSION = YES;
				CLANG_WARN_DIRECT_OBJC_ISA_USAGE = YES_ERROR;
				CLANG_WARN_EMPTY_BODY = YES;
				CLANG_WARN_ENUM_CONVERSION = YES;
				CLANG_WARN_INT_CONVERSION = YES;
				CLANG_WARN_OBJC_ROOT_CLASS = YES_ERROR;
				CLANG_WARN_UNREACHABLE_CODE = YES;
				CLANG_WARN__DUPLICATE_METHOD_MATCH = YES;
				"CODE_SIGN_IDENTITY[sdk=iphoneos*]" = "iPhone Developer";
				COPY_PHASE_STRIP = YES;
				ENABLE_NS_ASSERTIONS = NO;
				ENABLE_STRICT_OBJC_MSGSEND = YES;
				GCC_C_LANGUAGE_STANDARD = gnu99;
				GCC_WARN_64_TO_32_BIT_CONVERSION = YES;
				GCC_WARN_ABOUT_RETURN_TYPE = YES_ERROR;
				GCC_WARN_UNDECLARED_SELECTOR = YES;
				GCC_WARN_UNINITIALIZED_AUTOS = YES_AGGRESSIVE;
				GCC_WARN_UNUSED_FUNCTION = YES;
				GCC_WARN_UNUSED_VARIABLE = YES;
				IPHONEOS_DEPLOYMENT_TARGET = 8.1;
				MTL_ENABLE_DEBUG_INFO = NO;
				SDKROOT = iphoneos;
				VALIDATE_PRODUCT = YES;
			};
			name = Release;
		};
		64FB3CBC1A6A235F005718BE /* Debug */ = {
			isa = XCBuildConfiguration;
			buildSettings = {
				ASSETCATALOG_COMPILER_APPICON_NAME = AppIcon;
				INFOPLIST_FILE = tips/Info.plist;
				IPHONEOS_DEPLOYMENT_TARGET = 7.0;
				LD_RUNPATH_SEARCH_PATHS = "$(inherited) @executable_path/Frameworks";
				PRODUCT_NAME = "$(TARGET_NAME)";
			};
			name = Debug;
		};
		64FB3CBD1A6A235F005718BE /* Release */ = {
			isa = XCBuildConfiguration;
			buildSettings = {
				ASSETCATALOG_COMPILER_APPICON_NAME = AppIcon;
				INFOPLIST_FILE = tips/Info.plist;
				IPHONEOS_DEPLOYMENT_TARGET = 7.0;
				LD_RUNPATH_SEARCH_PATHS = "$(inherited) @executable_path/Frameworks";
				PRODUCT_NAME = "$(TARGET_NAME)";
			};
			name = Release;
		};
		64FB3CBF1A6A235F005718BE /* Debug */ = {
			isa = XCBuildConfiguration;
			buildSettings = {
				BUNDLE_LOADER = "$(TEST_HOST)";
				FRAMEWORK_SEARCH_PATHS = (
					"$(SDKROOT)/Developer/Library/Frameworks",
					"$(inherited)",
				);
				GCC_PREPROCESSOR_DEFINITIONS = (
					"DEBUG=1",
					"$(inherited)",
				);
				INFOPLIST_FILE = tipsTests/Info.plist;
				LD_RUNPATH_SEARCH_PATHS = "$(inherited) @executable_path/Frameworks @loader_path/Frameworks";
				PRODUCT_NAME = "$(TARGET_NAME)";
				TEST_HOST = "$(BUILT_PRODUCTS_DIR)/tips.app/tips";
			};
			name = Debug;
		};
		64FB3CC01A6A235F005718BE /* Release */ = {
			isa = XCBuildConfiguration;
			buildSettings = {
				BUNDLE_LOADER = "$(TEST_HOST)";
				FRAMEWORK_SEARCH_PATHS = (
					"$(SDKROOT)/Developer/Library/Frameworks",
					"$(inherited)",
				);
				INFOPLIST_FILE = tipsTests/Info.plist;
				LD_RUNPATH_SEARCH_PATHS = "$(inherited) @executable_path/Frameworks @loader_path/Frameworks";
				PRODUCT_NAME = "$(TARGET_NAME)";
				TEST_HOST = "$(BUILT_PRODUCTS_DIR)/tips.app/tips";
			};
			name = Release;
		};
/* End XCBuildConfiguration section */

/* Begin XCConfigurationList section */
		64FB3C971A6A235F005718BE /* Build configuration list for PBXProject "tips" */ = {
			isa = XCConfigurationList;
			buildConfigurations = (
				64FB3CB91A6A235F005718BE /* Debug */,
				64FB3CBA1A6A235F005718BE /* Release */,
			);
			defaultConfigurationIsVisible = 0;
			defaultConfigurationName = Release;
		};
		64FB3CBB1A6A235F005718BE /* Build configuration list for PBXNativeTarget "tips" */ = {
			isa = XCConfigurationList;
			buildConfigurations = (
				64FB3CBC1A6A235F005718BE /* Debug */,
				64FB3CBD1A6A235F005718BE /* Release */,
			);
			defaultConfigurationIsVisible = 0;
			defaultConfigurationName = Release;
		};
		64FB3CBE1A6A235F005718BE /* Build configuration list for PBXNativeTarget "tipsTests" */ = {
			isa = XCConfigurationList;
			buildConfigurations = (
				64FB3CBF1A6A235F005718BE /* Debug */,
				64FB3CC01A6A235F005718BE /* Release */,
			);
			defaultConfigurationIsVisible = 0;
			defaultConfigurationName = Release;
		};
/* End XCConfigurationList section */
	};
	rootObject = 64FB3C941A6A235F005718BE /* Project object */;
}
